version = 1
revision = 2
requires-python = ">=3.13"

[[package]]
name = "n-unzipper"
version = "0.1.0"
source = { virtual = "." }
dependencies = [
    { name = "selectolax" },
]

[package.metadata]
requires-dist = [{ name = "selectolax", specifier = ">=0.4.9" }]

[[package]]
name = "selectolax"
version = "0.4.9"
source = { registry = "https://pypi.org/simple" }
sdist = { url = "https://files.pythonhosted.org/packages/f8/46/b2956203e943c6417ff7da9ad9bcb5860d60372de6e05934af1b3f0a4950/selectolax-0.4.9.tar.gz", hash = "sha256:15c3de54f75d0d13726fee140bbfec8805050a3d34d298f2e9c05c9da1b87e7a", size = 4879844, upload-time = "2026-05-15T08:59:12.802Z" }
wheels = [
    { url = "https://files.pythonhosted.org/packages/b3/aa/cf3ef1ae4f9a53f53a0add5dcf7c5b241f56f9a778feb7c13cf65e73331b/selectolax-0.4.9-cp313-cp313-macosx_10_13_x86_64.whl", hash = "sha256:b1ca6686d0199ca3ef2c919421116d9d34f56964e2162a0d8757a4e9a7bdfb4a", size = 2240742, upload-time = "2026-05-15T08:58:11.596Z" },
    { url = "https://files.pythonhosted.org/packages/da/81/16ff9754e720769fe3f723baee9e207b2f7b7cf2612d509a9ae84b357ec5/selectolax-0.4.9-cp313-cp313-macosx_11_0_arm64.whl", hash = "sha256:0f49b7391544f60cc891587bcc504daed4995be2b02af9c6e3054a564a1b25d0", size = 2291271, upload-time = "2026-05-15T08:58:13.057Z" },
    { url = "https://files.pythonhosted.org/packages/fc/c0/b9dd13726bb13a6d439c1fef14d70345da9d15155f058edf9bb124952cd2/selectolax-0.4.9-cp313-cp313-manylinux2014_aarch64.manylinux_2_17_aarch64.manylinux_2_28_aarch64.whl", hash = "sha256:6833df2a2f74cd89872a2915f5ba6b9e56e4bed31c0b3e26b593ca086f10d298", size = 2373955, upload-time = "2026-05-15T08:58:14.983Z" },
    { url = "https://files.pythonhosted.org/packages/e5/d6/aad9d222d2599bad16f1ee936ccddec3e5e8299a140ea56af2359ed72631/selectolax-0.4.9-cp313-cp313-manylinux2014_x86_64.manylinux_2_17_x86_64.manylinux_2_28_x86_64.whl", hash = "sha256:010ff30cc2266074801d92fa717a3c333cc1cf9c98b699a46fc649a9707acc69", size = 2420661, upload-time = "2026-05-15T08:58:16.437Z" },
    { url = "https://files.pythonhosted.org/packages/50/cc/07b6190d0b20627880c612450d1211ff22cfc9ad1e845882846b0f97be97/selectolax-0.4.9-cp313-cp313-musllinux_1_2_aarch64.whl", hash = "sha256:395261e997f0d1d9d0232cf9ba7d69f46229e027ad7eb3ad0afba57c8eec7413", size = 2378677, upload-time = "2026-05-15T08:58:18.221Z" },
    { url = "https://files.pythonhosted.org/packages/de/70/a2592179765f948146952fbea67ccf9b8e32f125847bf30632b0a8574af5/selectolax-0.4.9-cp313-cp313-musllinux_1_2_x86_64.whl", hash = "sha256:19ee1f7de842be9dcdae7c7d27b01c91a0a717a06b136984234bc5b3048fc3d4", size = 2440935, upload-time = "2026-05-15T08:58:20.129Z" },
    { url = "https://files.pythonhosted.org/packages/01/76/4d8ceecdb2265ec3a2e64bef83e8a2d96b7c8d9b3505dc504b02be64c684/selectolax-0.4.9-cp313-cp313-win32.whl", hash = "sha256:2cd98512c3de597a6b5db9bd90d10b35244c4ba7b99c1149874111f453ae82d2", size = 1763205, upload-time = "2026-05-15T08:58:21.663Z" },
    { url = "https://files.pythonhosted.org/packages/28/23/9ac462b19e296a426e7b3fecc2ce65cf3c2db6d405653a96a0a978e1ae44/selectolax-0.4.9-cp313-cp313-win_amd64.whl", hash = "sha256:35097ce93a954a95ac82d930758cfc32c03421c0f173de7185e6381fbd00be28", size = 1861512, upload-time = "2026-05-15T08:58:23.792Z" },
    { url = "https://files.pythonhosted.org/packages/b9/f9/cda79bdea85a231cc1c9aafb0c21fda0d56b056b67b1e571c26a5c39f832/selectolax-0.4.9-cp313-cp313-win_arm64.whl", hash = "sha256:bca470e8f6bf6b4b41f841e87fcc729c9c2fbed20850ef4bb1b7b9055c1f8a55", size = 1809709, upload-time = "2026-05-15T08:58:25.623Z" },
    { url = "https://files.pythonhosted.org/packages/14/c7/fe04c5466577bd23433f5ea8de16a3e1aa273b547616a6141591641c109c/selectolax-0.4.9-cp314-cp314-macosx_10_13_x86_64.whl", hash = "sha256:b65f589b8e613089e77b6f735d956f6690021c66acaba0973df0e59b7fb6ab22", size = 2256543, upload-time = "2026-05-15T08:58:27.333Z" },
    { url = "https://files.pythonhosted.org/packages/53/aa/95211bc61a84d2f42678791654bde6a3526520f423c1450b735ef54bcf8d/selectolax-0.4.9-cp314-cp314-macosx_11_0_arm64.whl", hash = "sha256:e1a2a70a02960efc7112a99b81031fb60bca557e62f99806dd3a6354e6c888e3", size = 2308274, upload-time = "2026-05-15T08:58:28.961Z" },
    { url = "https://files.pythonhosted.org/packages/57/c7/f1c63a427346f27ca9a94c63f5f6f83a0130e011f7d6e0bd44a9e073cb31/selectolax-0.4.9-cp314-cp314-manylinux2014_aarch64.manylinux_2_17_aarch64.manylinux_2_28_aarch64.whl", hash = "sha256:85c463dbd4f1a5b9a1219ea7895ed3307231cb4edcf46e60de99dde93d9dc65b", size = 2373791, upload-time = "2026-05-15T08:58:30.462Z" },
    { url = "https://files.pythonhosted.org/packages/d3/e5/a86685d5bf6ae5d8d1068247aae9a64e5b455b2ffe0d7178d1d780fbcbf3/selectolax-0.4.9-cp314-cp314-manylinux2014_x86_64.manylinux_2_17_x86_64.manylinux_2_28_x86_64.whl", hash = "sha256:432dca308603fcb39600fcbf9e02d8917596fde2d7b0fd752d437953bbb83ff0", size = 2419455, upload-time = "2026-05-15T08:58:32.07Z" },
    { url = "https://files.pythonhosted.org/packages/3b/01/14b5a9a425438d8a40c97b08d3221dd2315470ac6edf586abe1c49f3f8b0/selectolax-0.4.9-cp314-cp314-musllinux_1_2_aarch64.whl", hash = "sha256:25da6d4afec67efcb5b9f228a7f318163e65bc7f4956448cfc994b45894a062f", size = 2394963, upload-time = "2026-05-15T08:58:33.748Z" },
    { url = "https://files.pythonhosted.org/packages/90/f2/6b0b7434b850415adbe050e82d20a6f119dd05c912022a9964b4db47b880/selectolax-0.4.9-cp314-cp314-musllinux_1_2_x86_64.whl", hash = "sha256:718872445d44b58b0e6bc029993ac79396b5588b13d0c12c8b585f5a1a490c2d", size = 2458094, upload-time = "2026-05-15T08:58:35.553Z" },
    { url = "https://files.pythonhosted.org/packages/53/0d/3b36c76e478deb6fdc7deb105e99e68a7eecef716611a3ef6776472e3057/selectolax-0.4.9-cp314-cp314-win32.whl", hash = "sha256:2affc47bbe2faff46410ce4edd82e9e6fe6a7ac7a84b4e572c1b22fc2fb1832f", size = 1874907, upload-time = "2026-05-15T08:58:37.162Z" },
    { url = "https://files.pythonhosted.org/packages/f7/8c/d140ed3bb7ab6254628e8078c6c7f42d6f857436548c5a1851d6d8e1ccf1/selectolax-0.4.9-cp314-cp314-win_amd64.whl", hash = "sha256:0077fe3d5324a345839c8c9da7ac41b577e13a08266b4a24e7c25e16fb2b6229", size = 1969835, upload-time = "2026-05-15T08:58:39.017Z" },
    { url = "https://files.pythonhosted.org/packages/23/f6/97f68770f73b9d65b3584e12d588fda3e4ee86dcfdcbfb05de7c4c6ccf0c/selectolax-0.4.9-cp314-cp314-win_arm64.whl", hash = "sha256:f214d7c10112c818506e2aa72b309acee76e23b6ff677e91e5fd12fb60176abd", size = 1920477, upload-time = "2026-05-15T08:58:40.982Z" },
    { url = "https://files.pythonhosted.org/packages/17/38/e0f0bdacc94dc868e4f7b542f459a34bb71330b1351cfe177cfa749abfee/selectolax-0.4.9-cp314-cp314t-macosx_10_13_x86_64.whl", hash = "sha256:fb3eef8d522534b59498e2aff67d30b879ffb70961406fc6359336d846409f24", size = 2271971, upload-time = "2026-05-15T08:58:43.055Z" },
    { url = "https://files.pythonhosted.org/packages/99/b0/6fd60519f100051e58f83c604452c997b0ce4e25c279405bdd80ba1c8ef9/selectolax-0.4.9-cp314-cp314t-macosx_11_0_arm64.whl", hash = "sha256:dd270f3c008eddd9b93d6875b05fda569b9943e94b5c918ce5d06123330d35ec", size = 2317744, upload-time = "2026-05-15T08:58:44.521Z" },
    { url = "https://files.pythonhosted.org/packages/f1/5e/f95857eab0a0e213f46eec42ae74cfe939b8aae507e23af3fa17e111ba0a/selectolax-0.4.9-cp314-cp314t-manylinux2014_aarch64.manylinux_2_17_aarch64.manylinux_2_28_aarch64.whl", hash = "sha256:0fe69c7d4a510574746fae68d00016d4ff10cffdba845dfa2a40296534390a91", size = 2378938, upload-time = "2026-05-15T08:58:45.975Z" },
    { url = "https://files.pythonhosted.org/packages/20/aa/92f66653993e9b2006dc37c202dbfa0e49803266dead36301461957e6345/selectolax-0.4.9-cp314-cp314t-manylinux2014_x86_64.manylinux_2_17_x86_64.manylinux_2_28_x86_64.whl", hash = "sha256:8720dce153464c1d8172160a2dd96e97dfae0a64534aa2b54eafbe8371ba85b1", size = 2429671, upload-time = "2026-05-15T08:58:47.63Z" },
    { url = "https://files.pythonhosted.org/packages/2a/f2/4d0e8a5b875ca822121a4f3cba66a652379903e2cff1beaace48fa7004db/selectolax-0.4.9-cp314-cp314t-musllinux_1_2_aarch64.whl", hash = "sha256:44d07709c7ddc49702af5661d717aaeab469121328ce1131e182bbe98020c504", size = 2404125, upload-time = "2026-05-15T08:58:49.065Z" },
    { url = "https://files.pythonhosted.org/packages/16/4e/99b4962e5a4171c32ae6747a8d84d5d549a85e9cc48a1f8200e35415acec/selectolax-0.4.9-cp314-cp314t-musllinux_1_2_x86_64.whl", hash = "sha256:919fbb7ba30e9e172913e029e453be68215122bbb3e7e8cedf524e525c24556b", size = 2466287, upload-time = "2026-05-15T08:58:50.889Z" },
    { url = "https://files.pythonhosted.org/packages/71/f4/8a764ebfd95bc1c30d542f32d8eda19e78baa07e2de8f6c355b11de6ee56/selectolax-0.4.9-cp314-cp314t-win32.whl", hash = "sha256:596513c191ec4771357abc21160414e2a0054f064ba543e33e1a7ebd35c96ea6", size = 1923506, upload-time = "2026-05-15T08:58:52.528Z" },
    { url = "https://files.pythonhosted.org/packages/d8/7c/aa021b3ed7c9fce5f16e0a0b4c8897e7970772ba8688754e5813214017d1/selectolax-0.4.9-cp314-cp314t-win_amd64.whl", hash = "sha256:008206609f542cbad133570330e51cb4bb666d532b05111914072673de60f33a", size = 2038829, upload-time = "2026-05-15T08:58:53.904Z" },
    { url = "https://files.pythonhosted.org/packages/c2/d7/525f6a3560d13199d65f1c9f1816ad307d4ed2e1ad05daba08e024fc5364/selectolax-0.4.9-cp314-cp314t-win_arm64.whl", hash = "sha256:7ab014959dcf68a0be71484dc87b8d4002756c979836d1d873ba81302b6bffe0", size = 1943672, upload-time = "2026-05-15T08:58:55.808Z" },
]
